{
  "name": "ab_ue_puerts_demo",
  "lockfileVersion": 2,
  "requires": true,
  "packages": {
    "": {
      "dependencies": {
        "msgpack-js": "^0.3.0"
      },
      "devDependencies": {
        "@types/node": "^17.0.21",
        "msgpack-ts": "^1.0.4"
      }
    },
    "node_modules/@types/node": {
      "version": "17.0.21",
      "resolved": "https://registry.npmjs.org/@types/node/-/node-17.0.21.tgz",
      "integrity": "sha512-DBZCJbhII3r90XbQxI8Y9IjjiiOGlZ0Hr32omXIZvwwZ7p4DMMXGrKXVyPfuoBOri9XNtL0UK69jYIBIsRX3QQ==",
      "dev": true
    },
    "node_modules/base64-js": {
      "version": "0.0.2",
      "resolved": "https://registry.npmjs.org/base64-js/-/base64-js-0.0.2.tgz",
      "integrity": "sha1-Ak8Pcq+iW3X5wO5zzU9V7Bvtl4Q=",
      "engines": {
        "node": ">= 0.4"
      }
    },
    "node_modules/bops": {
      "version": "0.0.7",
      "resolved": "https://registry.npmjs.org/bops/-/bops-0.0.7.tgz",
      "integrity": "sha1-tKClqDmkBkVK8P4FqLkaenZqVOI=",
      "dependencies": {
        "base64-js": "0.0.2",
        "to-utf8": "0.0.1"
      }
    },
    "node_modules/msgpack-js": {
      "version": "0.3.0",
      "resolved": "https://registry.npmjs.org/msgpack-js/-/msgpack-js-0.3.0.tgz",
      "integrity": "sha1-Aw7AjFlW+cp9F9QKVy1Tlv7BCSM=",
      "dependencies": {
        "bops": "~0.0.6"
      }
    },
    "node_modules/msgpack-ts": {
      "version": "1.0.4",
      "resolved": "https://registry.npmjs.org/msgpack-ts/-/msgpack-ts-1.0.4.tgz",
      "integrity": "sha512-AL1eW0/4/wJwD9l+VYafcgy2XOfiJ/zWlm1J5olm+cUNPjCmIEY9yHV+ikLgM5OuRVMtAr/cFxWtPgDOnLSMCg==",
      "dev": true
    },
    "node_modules/to-utf8": {
      "version": "0.0.1",
      "resolved": "https://registry.npmjs.org/to-utf8/-/to-utf8-0.0.1.tgz",
      "integrity": "sha1-0Xrqcv8vujm55DYBvns/9y4ImFI="
    }
  },
  "dependencies": {
    "@types/node": {
      "version": "17.0.21",
      "resolved": "https://registry.npmjs.org/@types/node/-/node-17.0.21.tgz",
      "integrity": "sha512-DBZCJbhII3r90XbQxI8Y9IjjiiOGlZ0Hr32omXIZvwwZ7p4DMMXGrKXVyPfuoBOri9XNtL0UK69jYIBIsRX3QQ==",
      "dev": true
    },
    "base64-js": {
      "version": "0.0.2",
      "resolved": "https://registry.npmjs.org/base64-js/-/base64-js-0.0.2.tgz",
      "integrity": "sha1-Ak8Pcq+iW3X5wO5zzU9V7Bvtl4Q="
    },
    "bops": {
      "version": "0.0.7",
      "resolved": "https://registry.npmjs.org/bops/-/bops-0.0.7.tgz",
      "integrity": "sha1-tKClqDmkBkVK8P4FqLkaenZqVOI=",
      "requires": {
        "base64-js": "0.0.2",
        "to-utf8": "0.0.1"
      }
    },
    "msgpack-js": {
      "version": "0.3.0",
      "resolved": "https://registry.npmjs.org/msgpack-js/-/msgpack-js-0.3.0.tgz",
      "integrity": "sha1-Aw7AjFlW+cp9F9QKVy1Tlv7BCSM=",
      "requires": {
        "bops": "~0.0.6"
      }
    },
    "msgpack-ts": {
      "version": "1.0.4",
      "resolved": "https://registry.npmjs.org/msgpack-ts/-/msgpack-ts-1.0.4.tgz",
      "integrity": "sha512-AL1eW0/4/wJwD9l+VYafcgy2XOfiJ/zWlm1J5olm+cUNPjCmIEY9yHV+ikLgM5OuRVMtAr/cFxWtPgDOnLSMCg==",
      "dev": true
    },
    "to-utf8": {
      "version": "0.0.1",
      "resolved": "https://registry.npmjs.org/to-utf8/-/to-utf8-0.0.1.tgz",
      "integrity": "sha1-0Xrqcv8vujm55DYBvns/9y4ImFI="
    }
  }
}
