Microsoft Visual Studio Solution File, Format Version 12.00
# Visual Studio 14
Project("{8BC9CEB8-8B4A-11D0-8D11-00A0C91BC942}") = "ALL_BUILD", "ALL_BUILD.vcxproj", "{2437101B-403D-31F8-A244-167E4F6EA81E}"
	ProjectSection(ProjectDependencies) = postProject
		{4BECC869-92CD-36A8-9982-4F382864EE4E} = {4BECC869-92CD-36A8-9982-4F382864EE4E}
		{FE412650-6983-3F2E-AE48-D5F6D4FF2FB1} = {FE412650-6983-3F2E-AE48-D5F6D4FF2FB1}
		{7850CAFB-172D-3B50-A999-E38F7CEDB26F} = {7850CAFB-172D-3B50-A999-E38F7CEDB26F}
		{7399E3BD-EEB0-369F-A4F4-A46CA4347977} = {7399E3BD-EEB0-369F-A4F4-A46CA4347977}
	EndProjectSection
EndProject
Project("{8BC9CEB8-8B4A-11D0-8D11-00A0C91BC942}") = "INSTALL", "INSTALL.vcxproj", "{9431242D-E188-3D84-AD27-234CAE493230}"
	ProjectSection(ProjectDependencies) = postProject
		{2437101B-403D-31F8-A244-167E4F6EA81E} = {2437101B-403D-31F8-A244-167E4F6EA81E}
		{4BECC869-92CD-36A8-9982-4F382864EE4E} = {4BECC869-92CD-36A8-9982-4F382864EE4E}
	EndProjectSection
EndProject
Project("{8BC9CEB8-8B4A-11D0-8D11-00A0C91BC942}") = "PACKAGE", "PACKAGE.vcxproj", "{E4CC3453-6FA5-3B9D-AC64-8427419C8A4C}"
	ProjectSection(ProjectDependencies) = postProject
		{2437101B-403D-31F8-A244-167E4F6EA81E} = {2437101B-403D-31F8-A244-167E4F6EA81E}
		{4BECC869-92CD-36A8-9982-4F382864EE4E} = {4BECC869-92CD-36A8-9982-4F382864EE4E}
	EndProjectSection
EndProject
Project("{8BC9CEB8-8B4A-11D0-8D11-00A0C91BC942}") = "RUN_TESTS", "RUN_TESTS.vcxproj", "{EB5A77D0-D7E5-392E-9DA9-69FFBB0A5488}"
	ProjectSection(ProjectDependencies) = postProject
		{4BECC869-92CD-36A8-9982-4F382864EE4E} = {4BECC869-92CD-36A8-9982-4F382864EE4E}
	EndProjectSection
EndProject
Project("{8BC9CEB8-8B4A-11D0-8D11-00A0C91BC942}") = "ZERO_CHECK", "ZERO_CHECK.vcxproj", "{4BECC869-92CD-36A8-9982-4F382864EE4E}"
	ProjectSection(ProjectDependencies) = postProject
	EndProjectSection
EndProject
Project("{8BC9CEB8-8B4A-11D0-8D11-00A0C91BC942}") = "bson_shared", "bson_shared.vcxproj", "{FE412650-6983-3F2E-AE48-D5F6D4FF2FB1}"
	ProjectSection(ProjectDependencies) = postProject
		{4BECC869-92CD-36A8-9982-4F382864EE4E} = {4BECC869-92CD-36A8-9982-4F382864EE4E}
	EndProjectSection
EndProject
Project("{8BC9CEB8-8B4A-11D0-8D11-00A0C91BC942}") = "bson_static", "bson_static.vcxproj", "{7850CAFB-172D-3B50-A999-E38F7CEDB26F}"
	ProjectSection(ProjectDependencies) = postProject
		{4BECC869-92CD-36A8-9982-4F382864EE4E} = {4BECC869-92CD-36A8-9982-4F382864EE4E}
	EndProjectSection
EndProject
Project("{8BC9CEB8-8B4A-11D0-8D11-00A0C91BC942}") = "test-libbson", "test-libbson.vcxproj", "{7399E3BD-EEB0-369F-A4F4-A46CA4347977}"
	ProjectSection(ProjectDependencies) = postProject
		{4BECC869-92CD-36A8-9982-4F382864EE4E} = {4BECC869-92CD-36A8-9982-4F382864EE4E}
		{7850CAFB-172D-3B50-A999-E38F7CEDB26F} = {7850CAFB-172D-3B50-A999-E38F7CEDB26F}
	EndProjectSection
EndProject
Global
	GlobalSection(SolutionConfigurationPlatforms) = preSolution
		Debug|Win32 = Debug|Win32
		Release|Win32 = Release|Win32
		MinSizeRel|Win32 = MinSizeRel|Win32
		RelWithDebInfo|Win32 = RelWithDebInfo|Win32
	EndGlobalSection
	GlobalSection(ProjectConfigurationPlatforms) = postSolution
		{2437101B-403D-31F8-A244-167E4F6EA81E}.Debug|Win32.ActiveCfg = Debug|Win32
		{2437101B-403D-31F8-A244-167E4F6EA81E}.Debug|Win32.Build.0 = Debug|Win32
		{2437101B-403D-31F8-A244-167E4F6EA81E}.Release|Win32.ActiveCfg = Release|Win32
		{2437101B-403D-31F8-A244-167E4F6EA81E}.Release|Win32.Build.0 = Release|Win32
		{2437101B-403D-31F8-A244-167E4F6EA81E}.MinSizeRel|Win32.ActiveCfg = MinSizeRel|Win32
		{2437101B-403D-31F8-A244-167E4F6EA81E}.MinSizeRel|Win32.Build.0 = MinSizeRel|Win32
		{2437101B-403D-31F8-A244-167E4F6EA81E}.RelWithDebInfo|Win32.ActiveCfg = RelWithDebInfo|Win32
		{2437101B-403D-31F8-A244-167E4F6EA81E}.RelWithDebInfo|Win32.Build.0 = RelWithDebInfo|Win32
		{9431242D-E188-3D84-AD27-234CAE493230}.Debug|Win32.ActiveCfg = Debug|Win32
		{9431242D-E188-3D84-AD27-234CAE493230}.Release|Win32.ActiveCfg = Release|Win32
		{9431242D-E188-3D84-AD27-234CAE493230}.MinSizeRel|Win32.ActiveCfg = MinSizeRel|Win32
		{9431242D-E188-3D84-AD27-234CAE493230}.RelWithDebInfo|Win32.ActiveCfg = RelWithDebInfo|Win32
		{E4CC3453-6FA5-3B9D-AC64-8427419C8A4C}.Debug|Win32.ActiveCfg = Debug|Win32
		{E4CC3453-6FA5-3B9D-AC64-8427419C8A4C}.Release|Win32.ActiveCfg = Release|Win32
		{E4CC3453-6FA5-3B9D-AC64-8427419C8A4C}.MinSizeRel|Win32.ActiveCfg = MinSizeRel|Win32
		{E4CC3453-6FA5-3B9D-AC64-8427419C8A4C}.RelWithDebInfo|Win32.ActiveCfg = RelWithDebInfo|Win32
		{EB5A77D0-D7E5-392E-9DA9-69FFBB0A5488}.Debug|Win32.ActiveCfg = Debug|Win32
		{EB5A77D0-D7E5-392E-9DA9-69FFBB0A5488}.Release|Win32.ActiveCfg = Release|Win32
		{EB5A77D0-D7E5-392E-9DA9-69FFBB0A5488}.MinSizeRel|Win32.ActiveCfg = MinSizeRel|Win32
		{EB5A77D0-D7E5-392E-9DA9-69FFBB0A5488}.RelWithDebInfo|Win32.ActiveCfg = RelWithDebInfo|Win32
		{4BECC869-92CD-36A8-9982-4F382864EE4E}.Debug|Win32.ActiveCfg = Debug|Win32
		{4BECC869-92CD-36A8-9982-4F382864EE4E}.Debug|Win32.Build.0 = Debug|Win32
		{4BECC869-92CD-36A8-9982-4F382864EE4E}.Release|Win32.ActiveCfg = Release|Win32
		{4BECC869-92CD-36A8-9982-4F382864EE4E}.Release|Win32.Build.0 = Release|Win32
		{4BECC869-92CD-36A8-9982-4F382864EE4E}.MinSizeRel|Win32.ActiveCfg = MinSizeRel|Win32
		{4BECC869-92CD-36A8-9982-4F382864EE4E}.MinSizeRel|Win32.Build.0 = MinSizeRel|Win32
		{4BECC869-92CD-36A8-9982-4F382864EE4E}.RelWithDebInfo|Win32.ActiveCfg = RelWithDebInfo|Win32
		{4BECC869-92CD-36A8-9982-4F382864EE4E}.RelWithDebInfo|Win32.Build.0 = RelWithDebInfo|Win32
		{FE412650-6983-3F2E-AE48-D5F6D4FF2FB1}.Debug|Win32.ActiveCfg = Debug|Win32
		{FE412650-6983-3F2E-AE48-D5F6D4FF2FB1}.Debug|Win32.Build.0 = Debug|Win32
		{FE412650-6983-3F2E-AE48-D5F6D4FF2FB1}.Release|Win32.ActiveCfg = Release|Win32
		{FE412650-6983-3F2E-AE48-D5F6D4FF2FB1}.Release|Win32.Build.0 = Release|Win32
		{FE412650-6983-3F2E-AE48-D5F6D4FF2FB1}.MinSizeRel|Win32.ActiveCfg = MinSizeRel|Win32
		{FE412650-6983-3F2E-AE48-D5F6D4FF2FB1}.MinSizeRel|Win32.Build.0 = MinSizeRel|Win32
		{FE412650-6983-3F2E-AE48-D5F6D4FF2FB1}.RelWithDebInfo|Win32.ActiveCfg = RelWithDebInfo|Win32
		{FE412650-6983-3F2E-AE48-D5F6D4FF2FB1}.RelWithDebInfo|Win32.Build.0 = RelWithDebInfo|Win32
		{7850CAFB-172D-3B50-A999-E38F7CEDB26F}.Debug|Win32.ActiveCfg = Debug|Win32
		{7850CAFB-172D-3B50-A999-E38F7CEDB26F}.Debug|Win32.Build.0 = Debug|Win32
		{7850CAFB-172D-3B50-A999-E38F7CEDB26F}.Release|Win32.ActiveCfg = Release|Win32
		{7850CAFB-172D-3B50-A999-E38F7CEDB26F}.Release|Win32.Build.0 = Release|Win32
		{7850CAFB-172D-3B50-A999-E38F7CEDB26F}.MinSizeRel|Win32.ActiveCfg = MinSizeRel|Win32
		{7850CAFB-172D-3B50-A999-E38F7CEDB26F}.MinSizeRel|Win32.Build.0 = MinSizeRel|Win32
		{7850CAFB-172D-3B50-A999-E38F7CEDB26F}.RelWithDebInfo|Win32.ActiveCfg = RelWithDebInfo|Win32
		{7850CAFB-172D-3B50-A999-E38F7CEDB26F}.RelWithDebInfo|Win32.Build.0 = RelWithDebInfo|Win32
		{7399E3BD-EEB0-369F-A4F4-A46CA4347977}.Debug|Win32.ActiveCfg = Debug|Win32
		{7399E3BD-EEB0-369F-A4F4-A46CA4347977}.Debug|Win32.Build.0 = Debug|Win32
		{7399E3BD-EEB0-369F-A4F4-A46CA4347977}.Release|Win32.ActiveCfg = Release|Win32
		{7399E3BD-EEB0-369F-A4F4-A46CA4347977}.Release|Win32.Build.0 = Release|Win32
		{7399E3BD-EEB0-369F-A4F4-A46CA4347977}.MinSizeRel|Win32.ActiveCfg = MinSizeRel|Win32
		{7399E3BD-EEB0-369F-A4F4-A46CA4347977}.MinSizeRel|Win32.Build.0 = MinSizeRel|Win32
		{7399E3BD-EEB0-369F-A4F4-A46CA4347977}.RelWithDebInfo|Win32.ActiveCfg = RelWithDebInfo|Win32
		{7399E3BD-EEB0-369F-A4F4-A46CA4347977}.RelWithDebInfo|Win32.Build.0 = RelWithDebInfo|Win32
	EndGlobalSection
	GlobalSection(ExtensibilityGlobals) = postSolution
	EndGlobalSection
	GlobalSection(ExtensibilityAddIns) = postSolution
	EndGlobalSection
EndGlobal
