
Microsoft Visual Studio Solution File, Format Version 12.00
# Visual Studio 2012
Project("{FAE04EC0-301F-11D3-BF4B-00C04F79EFBC}") = "test_csharp_network_server", "test_csharp_network\test_csharp_network_server.csproj", "{6F946F61-A564-4BE4-A54C-6209027AFC13}"
EndProject
Project("{FAE04EC0-301F-11D3-BF4B-00C04F79EFBC}") = "test_csharp_network_client", "test_csharp_network_client\test_csharp_network_client.csproj", "{9D31E7AC-3B58-432F-BE7B-CB244E192775}"
EndProject
Global
	GlobalSection(SolutionConfigurationPlatforms) = preSolution
		Debug|x86 = Debug|x86
		Release|x86 = Release|x86
	EndGlobalSection
	GlobalSection(ProjectConfigurationPlatforms) = postSolution
		{6F946F61-A564-4BE4-A54C-6209027AFC13}.Debug|x86.ActiveCfg = Debug|x86
		{6F946F61-A564-4BE4-A54C-6209027AFC13}.Debug|x86.Build.0 = Debug|x86
		{6F946F61-A564-4BE4-A54C-6209027AFC13}.Release|x86.ActiveCfg = Release|x86
		{6F946F61-A564-4BE4-A54C-6209027AFC13}.Release|x86.Build.0 = Release|x86
		{9D31E7AC-3B58-432F-BE7B-CB244E192775}.Debug|x86.ActiveCfg = Debug|x86
		{9D31E7AC-3B58-432F-BE7B-CB244E192775}.Debug|x86.Build.0 = Debug|x86
		{9D31E7AC-3B58-432F-BE7B-CB244E192775}.Release|x86.ActiveCfg = Release|x86
		{9D31E7AC-3B58-432F-BE7B-CB244E192775}.Release|x86.Build.0 = Release|x86
	EndGlobalSection
EndGlobal
