
Microsoft Visual Studio Solution File, Format Version 12.00
# Visual Studio Version 16
VisualStudioVersion = 16.0.31515.178
MinimumVisualStudioVersion = 10.0.40219.1
Project("{9A19103F-16F7-4668-BE54-9A1E7A4F7556}") = "test_csharp", "test_csharp\test_csharp.csproj", "{2AE84B90-2F8B-4B6A-898F-108DF5589067}"
EndProject
Project("{9A19103F-16F7-4668-BE54-9A1E7A4F7556}") = "center_svr", "center_svr\center_svr.csproj", "{CAD1ACB6-8DF2-49C7-89D2-D27DC14A562A}"
EndProject
Project("{2150E333-8FDC-42A3-9474-1A3956D46DE8}") = "common", "common", "{BFECB85A-AD1B-4B89-87C7-DDF05E18AF25}"
EndProject
Project("{2150E333-8FDC-42A3-9474-1A3956D46DE8}") = "component", "component", "{92EC4648-2E3B-446D-8064-3E4A01144815}"
EndProject
Project("{9A19103F-16F7-4668-BE54-9A1E7A4F7556}") = "common", "..\..\csharp_component\common\common.csproj", "{7563217E-7503-4B4E-ADD3-7052B5F2DA91}"
EndProject
Project("{9A19103F-16F7-4668-BE54-9A1E7A4F7556}") = "protocol", "..\..\protocol\csharp\protocol.csproj", "{01539B15-BDB6-47AD-8512-D927C76821A3}"
EndProject
Project("{9A19103F-16F7-4668-BE54-9A1E7A4F7556}") = "center", "..\..\csharp_component\component\center\center.csproj", "{29D1EAF8-AB69-48BA-B1EA-FB0D78E696ED}"
EndProject
Project("{9A19103F-16F7-4668-BE54-9A1E7A4F7556}") = "hub", "..\..\csharp_component\component\hub\hub.csproj", "{E939404C-2911-40A1-8346-753CE3A33B15}"
EndProject
Global
	GlobalSection(SolutionConfigurationPlatforms) = preSolution
		Debug|Any CPU = Debug|Any CPU
		Release|Any CPU = Release|Any CPU
	EndGlobalSection
	GlobalSection(ProjectConfigurationPlatforms) = postSolution
		{2AE84B90-2F8B-4B6A-898F-108DF5589067}.Debug|Any CPU.ActiveCfg = Debug|Any CPU
		{2AE84B90-2F8B-4B6A-898F-108DF5589067}.Debug|Any CPU.Build.0 = Debug|Any CPU
		{2AE84B90-2F8B-4B6A-898F-108DF5589067}.Release|Any CPU.ActiveCfg = Release|Any CPU
		{2AE84B90-2F8B-4B6A-898F-108DF5589067}.Release|Any CPU.Build.0 = Release|Any CPU
		{CAD1ACB6-8DF2-49C7-89D2-D27DC14A562A}.Debug|Any CPU.ActiveCfg = Debug|Any CPU
		{CAD1ACB6-8DF2-49C7-89D2-D27DC14A562A}.Debug|Any CPU.Build.0 = Debug|Any CPU
		{CAD1ACB6-8DF2-49C7-89D2-D27DC14A562A}.Release|Any CPU.ActiveCfg = Release|Any CPU
		{CAD1ACB6-8DF2-49C7-89D2-D27DC14A562A}.Release|Any CPU.Build.0 = Release|Any CPU
		{7563217E-7503-4B4E-ADD3-7052B5F2DA91}.Debug|Any CPU.ActiveCfg = Debug|Any CPU
		{7563217E-7503-4B4E-ADD3-7052B5F2DA91}.Debug|Any CPU.Build.0 = Debug|Any CPU
		{7563217E-7503-4B4E-ADD3-7052B5F2DA91}.Release|Any CPU.ActiveCfg = Release|Any CPU
		{7563217E-7503-4B4E-ADD3-7052B5F2DA91}.Release|Any CPU.Build.0 = Release|Any CPU
		{01539B15-BDB6-47AD-8512-D927C76821A3}.Debug|Any CPU.ActiveCfg = Debug|Any CPU
		{01539B15-BDB6-47AD-8512-D927C76821A3}.Debug|Any CPU.Build.0 = Debug|Any CPU
		{01539B15-BDB6-47AD-8512-D927C76821A3}.Release|Any CPU.ActiveCfg = Release|Any CPU
		{01539B15-BDB6-47AD-8512-D927C76821A3}.Release|Any CPU.Build.0 = Release|Any CPU
		{29D1EAF8-AB69-48BA-B1EA-FB0D78E696ED}.Debug|Any CPU.ActiveCfg = Debug|Any CPU
		{29D1EAF8-AB69-48BA-B1EA-FB0D78E696ED}.Debug|Any CPU.Build.0 = Debug|Any CPU
		{29D1EAF8-AB69-48BA-B1EA-FB0D78E696ED}.Release|Any CPU.ActiveCfg = Release|Any CPU
		{29D1EAF8-AB69-48BA-B1EA-FB0D78E696ED}.Release|Any CPU.Build.0 = Release|Any CPU
		{E939404C-2911-40A1-8346-753CE3A33B15}.Debug|Any CPU.ActiveCfg = Debug|Any CPU
		{E939404C-2911-40A1-8346-753CE3A33B15}.Debug|Any CPU.Build.0 = Debug|Any CPU
		{E939404C-2911-40A1-8346-753CE3A33B15}.Release|Any CPU.ActiveCfg = Release|Any CPU
		{E939404C-2911-40A1-8346-753CE3A33B15}.Release|Any CPU.Build.0 = Release|Any CPU
	EndGlobalSection
	GlobalSection(SolutionProperties) = preSolution
		HideSolutionNode = FALSE
	EndGlobalSection
	GlobalSection(NestedProjects) = preSolution
		{2AE84B90-2F8B-4B6A-898F-108DF5589067} = {92EC4648-2E3B-446D-8064-3E4A01144815}
		{CAD1ACB6-8DF2-49C7-89D2-D27DC14A562A} = {92EC4648-2E3B-446D-8064-3E4A01144815}
		{7563217E-7503-4B4E-ADD3-7052B5F2DA91} = {BFECB85A-AD1B-4B89-87C7-DDF05E18AF25}
		{01539B15-BDB6-47AD-8512-D927C76821A3} = {BFECB85A-AD1B-4B89-87C7-DDF05E18AF25}
		{29D1EAF8-AB69-48BA-B1EA-FB0D78E696ED} = {BFECB85A-AD1B-4B89-87C7-DDF05E18AF25}
		{E939404C-2911-40A1-8346-753CE3A33B15} = {BFECB85A-AD1B-4B89-87C7-DDF05E18AF25}
	EndGlobalSection
	GlobalSection(ExtensibilityGlobals) = postSolution
		SolutionGuid = {BA613E4A-D8B1-4293-94F7-65DA7EB94323}
	EndGlobalSection
EndGlobal
