Microsoft Visual Studio Solution File, Format Version 12.00
# Visual Studio 14
Project("{8BC9CEB8-8B4A-11D0-8D11-00A0C91BC942}") = "ALL_BUILD", "ALL_BUILD.vcxproj", "{AB0E030A-15B3-38CA-B270-B0C5E10E4212}"
	ProjectSection(ProjectDependencies) = postProject
		{75F5E096-150D-3625-B906-707AB5066C6B} = {75F5E096-150D-3625-B906-707AB5066C6B}
		{AF9B5D1A-D651-3159-A98D-379CB28AE169} = {AF9B5D1A-D651-3159-A98D-379CB28AE169}
		{CCA32362-1D60-3E20-9821-F414297F315D} = {CCA32362-1D60-3E20-9821-F414297F315D}
		{EE85E86D-A18B-323D-8079-2492696DA739} = {EE85E86D-A18B-323D-8079-2492696DA739}
		{E3741BCF-6196-3FFC-9239-CDCBFCE8D7CE} = {E3741BCF-6196-3FFC-9239-CDCBFCE8D7CE}
		{F501737C-F380-3423-9D91-B83AAA1E2DA4} = {F501737C-F380-3423-9D91-B83AAA1E2DA4}
		{EB2F69C8-B03C-3D91-807B-35260F249679} = {EB2F69C8-B03C-3D91-807B-35260F249679}
		{A55841DB-8AA9-38BD-9221-DCABA83095FE} = {A55841DB-8AA9-38BD-9221-DCABA83095FE}
		{BBD3FFCD-5F07-351D-AE04-0E43BE27D693} = {BBD3FFCD-5F07-351D-AE04-0E43BE27D693}
		{E0E12D03-87C8-3016-BBF4-BE260BC1247E} = {E0E12D03-87C8-3016-BBF4-BE260BC1247E}
	EndProjectSection
EndProject
Project("{8BC9CEB8-8B4A-11D0-8D11-00A0C91BC942}") = "INSTALL", "INSTALL.vcxproj", "{5B7EE18B-091C-3C23-93C9-BB71363FAC5C}"
	ProjectSection(ProjectDependencies) = postProject
		{AB0E030A-15B3-38CA-B270-B0C5E10E4212} = {AB0E030A-15B3-38CA-B270-B0C5E10E4212}
		{75F5E096-150D-3625-B906-707AB5066C6B} = {75F5E096-150D-3625-B906-707AB5066C6B}
	EndProjectSection
EndProject
Project("{8BC9CEB8-8B4A-11D0-8D11-00A0C91BC942}") = "PACKAGE", "PACKAGE.vcxproj", "{6181BB08-6135-350F-AE3A-3E448D34E0DF}"
	ProjectSection(ProjectDependencies) = postProject
		{AB0E030A-15B3-38CA-B270-B0C5E10E4212} = {AB0E030A-15B3-38CA-B270-B0C5E10E4212}
		{75F5E096-150D-3625-B906-707AB5066C6B} = {75F5E096-150D-3625-B906-707AB5066C6B}
	EndProjectSection
EndProject
Project("{8BC9CEB8-8B4A-11D0-8D11-00A0C91BC942}") = "ZERO_CHECK", "ZERO_CHECK.vcxproj", "{75F5E096-150D-3625-B906-707AB5066C6B}"
	ProjectSection(ProjectDependencies) = postProject
	EndProjectSection
EndProject
Project("{8BC9CEB8-8B4A-11D0-8D11-00A0C91BC942}") = "example-application-performance-monitoring", "example-application-performance-monitoring.vcxproj", "{AF9B5D1A-D651-3159-A98D-379CB28AE169}"
	ProjectSection(ProjectDependencies) = postProject
		{75F5E096-150D-3625-B906-707AB5066C6B} = {75F5E096-150D-3625-B906-707AB5066C6B}
		{BBD3FFCD-5F07-351D-AE04-0E43BE27D693} = {BBD3FFCD-5F07-351D-AE04-0E43BE27D693}
	EndProjectSection
EndProject
Project("{8BC9CEB8-8B4A-11D0-8D11-00A0C91BC942}") = "example-client", "example-client.vcxproj", "{CCA32362-1D60-3E20-9821-F414297F315D}"
	ProjectSection(ProjectDependencies) = postProject
		{75F5E096-150D-3625-B906-707AB5066C6B} = {75F5E096-150D-3625-B906-707AB5066C6B}
		{BBD3FFCD-5F07-351D-AE04-0E43BE27D693} = {BBD3FFCD-5F07-351D-AE04-0E43BE27D693}
	EndProjectSection
EndProject
Project("{8BC9CEB8-8B4A-11D0-8D11-00A0C91BC942}") = "example-gridfs", "example-gridfs.vcxproj", "{EE85E86D-A18B-323D-8079-2492696DA739}"
	ProjectSection(ProjectDependencies) = postProject
		{75F5E096-150D-3625-B906-707AB5066C6B} = {75F5E096-150D-3625-B906-707AB5066C6B}
		{BBD3FFCD-5F07-351D-AE04-0E43BE27D693} = {BBD3FFCD-5F07-351D-AE04-0E43BE27D693}
	EndProjectSection
EndProject
Project("{8BC9CEB8-8B4A-11D0-8D11-00A0C91BC942}") = "example-scram", "example-scram.vcxproj", "{E3741BCF-6196-3FFC-9239-CDCBFCE8D7CE}"
	ProjectSection(ProjectDependencies) = postProject
		{75F5E096-150D-3625-B906-707AB5066C6B} = {75F5E096-150D-3625-B906-707AB5066C6B}
		{BBD3FFCD-5F07-351D-AE04-0E43BE27D693} = {BBD3FFCD-5F07-351D-AE04-0E43BE27D693}
	EndProjectSection
EndProject
Project("{8BC9CEB8-8B4A-11D0-8D11-00A0C91BC942}") = "mongoc-dump", "mongoc-dump.vcxproj", "{F501737C-F380-3423-9D91-B83AAA1E2DA4}"
	ProjectSection(ProjectDependencies) = postProject
		{75F5E096-150D-3625-B906-707AB5066C6B} = {75F5E096-150D-3625-B906-707AB5066C6B}
		{BBD3FFCD-5F07-351D-AE04-0E43BE27D693} = {BBD3FFCD-5F07-351D-AE04-0E43BE27D693}
	EndProjectSection
EndProject
Project("{8BC9CEB8-8B4A-11D0-8D11-00A0C91BC942}") = "mongoc-ping", "mongoc-ping.vcxproj", "{EB2F69C8-B03C-3D91-807B-35260F249679}"
	ProjectSection(ProjectDependencies) = postProject
		{75F5E096-150D-3625-B906-707AB5066C6B} = {75F5E096-150D-3625-B906-707AB5066C6B}
		{BBD3FFCD-5F07-351D-AE04-0E43BE27D693} = {BBD3FFCD-5F07-351D-AE04-0E43BE27D693}
	EndProjectSection
EndProject
Project("{8BC9CEB8-8B4A-11D0-8D11-00A0C91BC942}") = "mongoc-tail", "mongoc-tail.vcxproj", "{A55841DB-8AA9-38BD-9221-DCABA83095FE}"
	ProjectSection(ProjectDependencies) = postProject
		{75F5E096-150D-3625-B906-707AB5066C6B} = {75F5E096-150D-3625-B906-707AB5066C6B}
		{BBD3FFCD-5F07-351D-AE04-0E43BE27D693} = {BBD3FFCD-5F07-351D-AE04-0E43BE27D693}
	EndProjectSection
EndProject
Project("{8BC9CEB8-8B4A-11D0-8D11-00A0C91BC942}") = "mongoc_shared", "mongoc_shared.vcxproj", "{BBD3FFCD-5F07-351D-AE04-0E43BE27D693}"
	ProjectSection(ProjectDependencies) = postProject
		{75F5E096-150D-3625-B906-707AB5066C6B} = {75F5E096-150D-3625-B906-707AB5066C6B}
	EndProjectSection
EndProject
Project("{8BC9CEB8-8B4A-11D0-8D11-00A0C91BC942}") = "mongoc_static", "mongoc_static.vcxproj", "{E0E12D03-87C8-3016-BBF4-BE260BC1247E}"
	ProjectSection(ProjectDependencies) = postProject
		{75F5E096-150D-3625-B906-707AB5066C6B} = {75F5E096-150D-3625-B906-707AB5066C6B}
	EndProjectSection
EndProject
Global
	GlobalSection(SolutionConfigurationPlatforms) = preSolution
		Debug|Win32 = Debug|Win32
		Release|Win32 = Release|Win32
		MinSizeRel|Win32 = MinSizeRel|Win32
		RelWithDebInfo|Win32 = RelWithDebInfo|Win32
	EndGlobalSection
	GlobalSection(ProjectConfigurationPlatforms) = postSolution
		{AB0E030A-15B3-38CA-B270-B0C5E10E4212}.Debug|Win32.ActiveCfg = Debug|Win32
		{AB0E030A-15B3-38CA-B270-B0C5E10E4212}.Debug|Win32.Build.0 = Debug|Win32
		{AB0E030A-15B3-38CA-B270-B0C5E10E4212}.Release|Win32.ActiveCfg = Release|Win32
		{AB0E030A-15B3-38CA-B270-B0C5E10E4212}.Release|Win32.Build.0 = Release|Win32
		{AB0E030A-15B3-38CA-B270-B0C5E10E4212}.MinSizeRel|Win32.ActiveCfg = MinSizeRel|Win32
		{AB0E030A-15B3-38CA-B270-B0C5E10E4212}.MinSizeRel|Win32.Build.0 = MinSizeRel|Win32
		{AB0E030A-15B3-38CA-B270-B0C5E10E4212}.RelWithDebInfo|Win32.ActiveCfg = RelWithDebInfo|Win32
		{AB0E030A-15B3-38CA-B270-B0C5E10E4212}.RelWithDebInfo|Win32.Build.0 = RelWithDebInfo|Win32
		{5B7EE18B-091C-3C23-93C9-BB71363FAC5C}.Debug|Win32.ActiveCfg = Debug|Win32
		{5B7EE18B-091C-3C23-93C9-BB71363FAC5C}.Release|Win32.ActiveCfg = Release|Win32
		{5B7EE18B-091C-3C23-93C9-BB71363FAC5C}.MinSizeRel|Win32.ActiveCfg = MinSizeRel|Win32
		{5B7EE18B-091C-3C23-93C9-BB71363FAC5C}.RelWithDebInfo|Win32.ActiveCfg = RelWithDebInfo|Win32
		{6181BB08-6135-350F-AE3A-3E448D34E0DF}.Debug|Win32.ActiveCfg = Debug|Win32
		{6181BB08-6135-350F-AE3A-3E448D34E0DF}.Release|Win32.ActiveCfg = Release|Win32
		{6181BB08-6135-350F-AE3A-3E448D34E0DF}.MinSizeRel|Win32.ActiveCfg = MinSizeRel|Win32
		{6181BB08-6135-350F-AE3A-3E448D34E0DF}.RelWithDebInfo|Win32.ActiveCfg = RelWithDebInfo|Win32
		{75F5E096-150D-3625-B906-707AB5066C6B}.Debug|Win32.ActiveCfg = Debug|Win32
		{75F5E096-150D-3625-B906-707AB5066C6B}.Debug|Win32.Build.0 = Debug|Win32
		{75F5E096-150D-3625-B906-707AB5066C6B}.Release|Win32.ActiveCfg = Release|Win32
		{75F5E096-150D-3625-B906-707AB5066C6B}.Release|Win32.Build.0 = Release|Win32
		{75F5E096-150D-3625-B906-707AB5066C6B}.MinSizeRel|Win32.ActiveCfg = MinSizeRel|Win32
		{75F5E096-150D-3625-B906-707AB5066C6B}.MinSizeRel|Win32.Build.0 = MinSizeRel|Win32
		{75F5E096-150D-3625-B906-707AB5066C6B}.RelWithDebInfo|Win32.ActiveCfg = RelWithDebInfo|Win32
		{75F5E096-150D-3625-B906-707AB5066C6B}.RelWithDebInfo|Win32.Build.0 = RelWithDebInfo|Win32
		{AF9B5D1A-D651-3159-A98D-379CB28AE169}.Debug|Win32.ActiveCfg = Debug|Win32
		{AF9B5D1A-D651-3159-A98D-379CB28AE169}.Debug|Win32.Build.0 = Debug|Win32
		{AF9B5D1A-D651-3159-A98D-379CB28AE169}.Release|Win32.ActiveCfg = Release|Win32
		{AF9B5D1A-D651-3159-A98D-379CB28AE169}.Release|Win32.Build.0 = Release|Win32
		{AF9B5D1A-D651-3159-A98D-379CB28AE169}.MinSizeRel|Win32.ActiveCfg = MinSizeRel|Win32
		{AF9B5D1A-D651-3159-A98D-379CB28AE169}.MinSizeRel|Win32.Build.0 = MinSizeRel|Win32
		{AF9B5D1A-D651-3159-A98D-379CB28AE169}.RelWithDebInfo|Win32.ActiveCfg = RelWithDebInfo|Win32
		{AF9B5D1A-D651-3159-A98D-379CB28AE169}.RelWithDebInfo|Win32.Build.0 = RelWithDebInfo|Win32
		{CCA32362-1D60-3E20-9821-F414297F315D}.Debug|Win32.ActiveCfg = Debug|Win32
		{CCA32362-1D60-3E20-9821-F414297F315D}.Debug|Win32.Build.0 = Debug|Win32
		{CCA32362-1D60-3E20-9821-F414297F315D}.Release|Win32.ActiveCfg = Release|Win32
		{CCA32362-1D60-3E20-9821-F414297F315D}.Release|Win32.Build.0 = Release|Win32
		{CCA32362-1D60-3E20-9821-F414297F315D}.MinSizeRel|Win32.ActiveCfg = MinSizeRel|Win32
		{CCA32362-1D60-3E20-9821-F414297F315D}.MinSizeRel|Win32.Build.0 = MinSizeRel|Win32
		{CCA32362-1D60-3E20-9821-F414297F315D}.RelWithDebInfo|Win32.ActiveCfg = RelWithDebInfo|Win32
		{CCA32362-1D60-3E20-9821-F414297F315D}.RelWithDebInfo|Win32.Build.0 = RelWithDebInfo|Win32
		{EE85E86D-A18B-323D-8079-2492696DA739}.Debug|Win32.ActiveCfg = Debug|Win32
		{EE85E86D-A18B-323D-8079-2492696DA739}.Debug|Win32.Build.0 = Debug|Win32
		{EE85E86D-A18B-323D-8079-2492696DA739}.Release|Win32.ActiveCfg = Release|Win32
		{EE85E86D-A18B-323D-8079-2492696DA739}.Release|Win32.Build.0 = Release|Win32
		{EE85E86D-A18B-323D-8079-2492696DA739}.MinSizeRel|Win32.ActiveCfg = MinSizeRel|Win32
		{EE85E86D-A18B-323D-8079-2492696DA739}.MinSizeRel|Win32.Build.0 = MinSizeRel|Win32
		{EE85E86D-A18B-323D-8079-2492696DA739}.RelWithDebInfo|Win32.ActiveCfg = RelWithDebInfo|Win32
		{EE85E86D-A18B-323D-8079-2492696DA739}.RelWithDebInfo|Win32.Build.0 = RelWithDebInfo|Win32
		{E3741BCF-6196-3FFC-9239-CDCBFCE8D7CE}.Debug|Win32.ActiveCfg = Debug|Win32
		{E3741BCF-6196-3FFC-9239-CDCBFCE8D7CE}.Debug|Win32.Build.0 = Debug|Win32
		{E3741BCF-6196-3FFC-9239-CDCBFCE8D7CE}.Release|Win32.ActiveCfg = Release|Win32
		{E3741BCF-6196-3FFC-9239-CDCBFCE8D7CE}.Release|Win32.Build.0 = Release|Win32
		{E3741BCF-6196-3FFC-9239-CDCBFCE8D7CE}.MinSizeRel|Win32.ActiveCfg = MinSizeRel|Win32
		{E3741BCF-6196-3FFC-9239-CDCBFCE8D7CE}.MinSizeRel|Win32.Build.0 = MinSizeRel|Win32
		{E3741BCF-6196-3FFC-9239-CDCBFCE8D7CE}.RelWithDebInfo|Win32.ActiveCfg = RelWithDebInfo|Win32
		{E3741BCF-6196-3FFC-9239-CDCBFCE8D7CE}.RelWithDebInfo|Win32.Build.0 = RelWithDebInfo|Win32
		{F501737C-F380-3423-9D91-B83AAA1E2DA4}.Debug|Win32.ActiveCfg = Debug|Win32
		{F501737C-F380-3423-9D91-B83AAA1E2DA4}.Debug|Win32.Build.0 = Debug|Win32
		{F501737C-F380-3423-9D91-B83AAA1E2DA4}.Release|Win32.ActiveCfg = Release|Win32
		{F501737C-F380-3423-9D91-B83AAA1E2DA4}.Release|Win32.Build.0 = Release|Win32
		{F501737C-F380-3423-9D91-B83AAA1E2DA4}.MinSizeRel|Win32.ActiveCfg = MinSizeRel|Win32
		{F501737C-F380-3423-9D91-B83AAA1E2DA4}.MinSizeRel|Win32.Build.0 = MinSizeRel|Win32
		{F501737C-F380-3423-9D91-B83AAA1E2DA4}.RelWithDebInfo|Win32.ActiveCfg = RelWithDebInfo|Win32
		{F501737C-F380-3423-9D91-B83AAA1E2DA4}.RelWithDebInfo|Win32.Build.0 = RelWithDebInfo|Win32
		{EB2F69C8-B03C-3D91-807B-35260F249679}.Debug|Win32.ActiveCfg = Debug|Win32
		{EB2F69C8-B03C-3D91-807B-35260F249679}.Debug|Win32.Build.0 = Debug|Win32
		{EB2F69C8-B03C-3D91-807B-35260F249679}.Release|Win32.ActiveCfg = Release|Win32
		{EB2F69C8-B03C-3D91-807B-35260F249679}.Release|Win32.Build.0 = Release|Win32
		{EB2F69C8-B03C-3D91-807B-35260F249679}.MinSizeRel|Win32.ActiveCfg = MinSizeRel|Win32
		{EB2F69C8-B03C-3D91-807B-35260F249679}.MinSizeRel|Win32.Build.0 = MinSizeRel|Win32
		{EB2F69C8-B03C-3D91-807B-35260F249679}.RelWithDebInfo|Win32.ActiveCfg = RelWithDebInfo|Win32
		{EB2F69C8-B03C-3D91-807B-35260F249679}.RelWithDebInfo|Win32.Build.0 = RelWithDebInfo|Win32
		{A55841DB-8AA9-38BD-9221-DCABA83095FE}.Debug|Win32.ActiveCfg = Debug|Win32
		{A55841DB-8AA9-38BD-9221-DCABA83095FE}.Debug|Win32.Build.0 = Debug|Win32
		{A55841DB-8AA9-38BD-9221-DCABA83095FE}.Release|Win32.ActiveCfg = Release|Win32
		{A55841DB-8AA9-38BD-9221-DCABA83095FE}.Release|Win32.Build.0 = Release|Win32
		{A55841DB-8AA9-38BD-9221-DCABA83095FE}.MinSizeRel|Win32.ActiveCfg = MinSizeRel|Win32
		{A55841DB-8AA9-38BD-9221-DCABA83095FE}.MinSizeRel|Win32.Build.0 = MinSizeRel|Win32
		{A55841DB-8AA9-38BD-9221-DCABA83095FE}.RelWithDebInfo|Win32.ActiveCfg = RelWithDebInfo|Win32
		{A55841DB-8AA9-38BD-9221-DCABA83095FE}.RelWithDebInfo|Win32.Build.0 = RelWithDebInfo|Win32
		{BBD3FFCD-5F07-351D-AE04-0E43BE27D693}.Debug|Win32.ActiveCfg = Debug|Win32
		{BBD3FFCD-5F07-351D-AE04-0E43BE27D693}.Debug|Win32.Build.0 = Debug|Win32
		{BBD3FFCD-5F07-351D-AE04-0E43BE27D693}.Release|Win32.ActiveCfg = Release|Win32
		{BBD3FFCD-5F07-351D-AE04-0E43BE27D693}.Release|Win32.Build.0 = Release|Win32
		{BBD3FFCD-5F07-351D-AE04-0E43BE27D693}.MinSizeRel|Win32.ActiveCfg = MinSizeRel|Win32
		{BBD3FFCD-5F07-351D-AE04-0E43BE27D693}.MinSizeRel|Win32.Build.0 = MinSizeRel|Win32
		{BBD3FFCD-5F07-351D-AE04-0E43BE27D693}.RelWithDebInfo|Win32.ActiveCfg = RelWithDebInfo|Win32
		{BBD3FFCD-5F07-351D-AE04-0E43BE27D693}.RelWithDebInfo|Win32.Build.0 = RelWithDebInfo|Win32
		{E0E12D03-87C8-3016-BBF4-BE260BC1247E}.Debug|Win32.ActiveCfg = Debug|Win32
		{E0E12D03-87C8-3016-BBF4-BE260BC1247E}.Debug|Win32.Build.0 = Debug|Win32
		{E0E12D03-87C8-3016-BBF4-BE260BC1247E}.Release|Win32.ActiveCfg = Release|Win32
		{E0E12D03-87C8-3016-BBF4-BE260BC1247E}.Release|Win32.Build.0 = Release|Win32
		{E0E12D03-87C8-3016-BBF4-BE260BC1247E}.MinSizeRel|Win32.ActiveCfg = MinSizeRel|Win32
		{E0E12D03-87C8-3016-BBF4-BE260BC1247E}.MinSizeRel|Win32.Build.0 = MinSizeRel|Win32
		{E0E12D03-87C8-3016-BBF4-BE260BC1247E}.RelWithDebInfo|Win32.ActiveCfg = RelWithDebInfo|Win32
		{E0E12D03-87C8-3016-BBF4-BE260BC1247E}.RelWithDebInfo|Win32.Build.0 = RelWithDebInfo|Win32
	EndGlobalSection
	GlobalSection(ExtensibilityGlobals) = postSolution
	EndGlobalSection
	GlobalSection(ExtensibilityAddIns) = postSolution
	EndGlobalSection
EndGlobal
