
Microsoft Visual Studio Solution File, Format Version 12.00
# Visual Studio 2012
Project("{FAE04EC0-301F-11D3-BF4B-00C04F79EFBC}") = "service", "service\service.csproj", "{38184B87-DF8C-424C-9A14-C085D0963E90}"
EndProject
Global
	GlobalSection(SolutionConfigurationPlatforms) = preSolution
		Debug|x86 = Debug|x86
		Release|x86 = Release|x86
	EndGlobalSection
	GlobalSection(ProjectConfigurationPlatforms) = postSolution
		{38184B87-DF8C-424C-9A14-C085D0963E90}.Debug|x86.ActiveCfg = Debug|x86
		{38184B87-DF8C-424C-9A14-C085D0963E90}.Debug|x86.Build.0 = Debug|x86
		{38184B87-DF8C-424C-9A14-C085D0963E90}.Release|x86.ActiveCfg = Release|x86
		{38184B87-DF8C-424C-9A14-C085D0963E90}.Release|x86.Build.0 = Release|x86
	EndGlobalSection
EndGlobal
